
Microsoft Visual Studio Solution File, Format Version 12.00
# Visual Studio Version 16
VisualStudioVersion = 16.0.31702.278
MinimumVisualStudioVersion = 10.0.40219.1
Project("{FAE04EC0-301F-11D3-BF4B-00C04F79EFBC}") = "vk4kt1", "vk4kt1\vk4kt1.csproj", "{48B39DF2-FB6D-48E4-B015-EADD2ED507B0}"
EndProject
Global
	GlobalSection(SolutionConfigurationPlatforms) = preSolution
		Debug|Any CPU = Debug|Any CPU
		Release|Any CPU = Release|Any CPU
	EndGlobalSection
	GlobalSection(ProjectConfigurationPlatforms) = postSolution
		{48B39DF2-FB6D-48E4-B015-EADD2ED507B0}.Debug|Any CPU.ActiveCfg = Debug|Any CPU
		{48B39DF2-FB6D-48E4-B015-EADD2ED507B0}.Debug|Any CPU.Build.0 = Debug|Any CPU
		{48B39DF2-FB6D-48E4-B015-EADD2ED507B0}.Release|Any CPU.ActiveCfg = Release|Any CPU
		{48B39DF2-FB6D-48E4-B015-EADD2ED507B0}.Release|Any CPU.Build.0 = Release|Any CPU
	EndGlobalSection
	GlobalSection(SolutionProperties) = preSolution
		HideSolutionNode = FALSE
	EndGlobalSection
	GlobalSection(ExtensibilityGlobals) = postSolution
		SolutionGuid = {87C06556-E4D0-41CF-BAF4-53E5FB6E4611}
	EndGlobalSection
EndGlobal
